// !$*UTF8*$!
{
	archiveVersion = 1;
	classes = {
	};
	objectVersion = 46;
	objects = {

/* Begin PBXBuildFile section */
		B146800E1C84292900B180B2 /* main.m in Sources */ = {isa = PBXBuildFile; fileRef = B146800D1C84292900B180B2 /* main.m */; };
		B14680111C84292900B180B2 /* AppDelegate.m in Sources */ = {isa = PBXBuildFile; fileRef = B14680101C84292900B180B2 /* AppDelegate.m */; };
		B14680141C84292900B180B2 /* ViewController.m in Sources */ = {isa = PBXBuildFile; fileRef = B14680131C84292900B180B2 /* ViewController.m */; };
		B14680171C84292900B180B2 /* Main.storyboard in Resources */ = {isa = PBXBuildFile; fileRef = B14680151C84292900B180B2 /* Main.storyboard */; };
		B14680191C84292900B180B2 /* Assets.xcassets in Resources */ = {isa = PBXBuildFile; fileRef = B14680181C84292900B180B2 /* Assets.xcassets */; };
		B146801C1C84292900B180B2 /* LaunchScreen.storyboard in Resources */ = {isa = PBXBuildFile; fileRef = B146801A1C84292900B180B2 /* LaunchScreen.storyboard */; };
/* End PBXBuildFile section */

/* Begin PBXFileReference section */
		B14680091C84292900B180B2 /* SnowAnimation.app */ = {isa = PBXFileReference; explicitFileType = wrapper.application; includeInIndex = 0; path = SnowAnimation.app; sourceTree = BUILT_PRODUCTS_DIR; };
		B146800D1C84292900B180B2 /* main.m */ = {isa = PBXFileReference; lastKnownFileType = sourcecode.c.objc; path = main.m; sourceTree = "<group>"; };
		B146800F1C84292900B180B2 /* AppDelegate.h */ = {isa = PBXFileReference; lastKnownFileType = sourcecode.c.h; path = AppDelegate.h; sourceTree = "<group>"; };
		B14680101C84292900B180B2 /* AppDelegate.m */ = {isa = PBXFileReference; lastKnownFileType = sourcecode.c.objc; path = AppDelegate.m; sourceTree = "<group>"; };
		B14680121C84292900B180B2 /* ViewController.h */ = {isa = PBXFileReference; lastKnownFileType = sourcecode.c.h; path = ViewController.h; sourceTree = "<group>"; };
		B14680131C84292900B180B2 /* ViewController.m */ = {isa = PBXFileReference; lastKnownFileType = sourcecode.c.objc; path = ViewController.m; sourceTree = "<group>"; };
		B14680161C84292900B180B2 /* Base */ = {isa = PBXFileReference; lastKnownFileType = file.storyboard; name = Base; path = Base.lproj/Main.storyboard; sourceTree = "<group>"; };
		B14680181C84292900B180B2 /* Assets.xcassets */ = {isa = PBXFileReference; lastKnownFileType = folder.assetcatalog; path = Assets.xcassets; sourceTree = "<group>"; };
		B146801B1C84292900B180B2 /* Base */ = {isa = PBXFileReference; lastKnownFileType = file.storyboard; name = Base; path = Base.lproj/LaunchScreen.storyboard; sourceTree = "<group>"; };
		B146801D1C84292900B180B2 /* Info.plist */ = {isa = PBXFileReference; lastKnownFileType = text.plist.xml; path = Info.plist; sourceTree = "<group>"; };
/* End PBXFileReference section */

/* Begin PBXFrameworksBuildPhase section */
		B14680061C84292900B180B2 /* Frameworks */ = {
			isa = PBXFrameworksBuildPhase;
			buildActionMask = 2147483647;
			files = (
			);
			runOnlyForDeploymentPostprocessing = 0;
		};
/* End PBXFrameworksBuildPhase section */

/* Begin PBXGroup section */
		B14680001C84292900B180B2 = {
			isa = PBXGroup;
			children = (
				B146800B1C84292900B180B2 /* SnowAnimation */,
				B146800A1C84292900B180B2 /* Products */,
			);
			sourceTree = "<group>";
		};
		B146800A1C84292900B180B2 /* Products */ = {
			isa = PBXGroup;
			children = (
				B14680091C84292900B180B2 /* SnowAnimation.app */,
			);
			name = Products;
			sourceTree = "<group>";
		};
		B146800B1C84292900B180B2 /* SnowAnimation */ = {
			isa = PBXGroup;
			children = (
				B146800F1C84292900B180B2 /* AppDelegate.h */,
				B14680101C84292900B180B2 /* AppDelegate.m */,
				B14680121C84292900B180B2 /* ViewController.h */,
				B14680131C84292900B180B2 /* ViewController.m */,
				B14680151C84292900B180B2 /* Main.storyboard */,
				B14680181C84292900B180B2 /* Assets.xcassets */,
				B146801A1C84292900B180B2 /* LaunchScreen.storyboard */,
				B146801D1C84292900B180B2 /* Info.plist */,
				B146800C1C84292900B180B2 /* Supporting Files */,
			);
			path = SnowAnimation;
			sourceTree = "<group>";
		};
		B146800C1C84292900B180B2 /* Supporting Files */ = {
			isa = PBXGroup;
			children = (
				B146800D1C84292900B180B2 /* main.m */,
			);
			name = "Supporting Files";
			sourceTree = "<group>";
		};
/* End PBXGroup section */

/* Begin PBXNativeTarget section */
		B14680081C84292900B180B2 /* SnowAnimation */ = {
			isa = PBXNativeTarget;
			buildConfigurationList = B14680201C84292900B180B2 /* Build configuration list for PBXNativeTarget "SnowAnimation" */;
			buildPhases = (
				B14680051C84292900B180B2 /* Sources */,
				B14680061C84292900B180B2 /* Frameworks */,
				B14680071C84292900B180B2 /* Resources */,
			);
			buildRules = (
			);
			dependencies = (
			);
			name = SnowAnimation;
			productName = SnowAnimation;
			productReference = B14680091C84292900B180B2 /* SnowAnimation.app */;
			productType = "com.apple.product-type.application";
		};
/* End PBXNativeTarget section */

/* Begin PBXProject section */
		B14680011C84292900B180B2 /* Project object */ = {
			isa = PBXProject;
			attributes = {
				LastUpgradeCheck = 0710;
				ORGANIZATIONNAME = Fancy;
				TargetAttributes = {
					B14680081C84292900B180B2 = {
						CreatedOnToolsVersion = 7.1;
					};
				};
			};
			buildConfigurationList = B14680041C84292900B180B2 /* Build configuration list for PBXProject "SnowAnimation" */;
			compatibilityVersion = "Xcode 3.2";
			developmentRegion = English;
			hasScannedForEncodings = 0;
			knownRegions = (
				en,
				Base,
			);
			mainGroup = B14680001C84292900B180B2;
			productRefGroup = B146800A1C84292900B180B2 /* Products */;
			projectDirPath = "";
			projectRoot = "";
			targets = (
				B14680081C84292900B180B2 /* SnowAnimation */,
			);
		};
/* End PBXProject section */

/* Begin PBXResourcesBuildPhase section */
		B14680071C84292900B180B2 /* Resources */ = {
			isa = PBXResourcesBuildPhase;
			buildActionMask = 2147483647;
			files = (
				B146801C1C84292900B180B2 /* LaunchScreen.storyboard in Resources */,
				B14680191C84292900B180B2 /* Assets.xcassets in Resources */,
				B14680171C84292900B180B2 /* Main.storyboard in Resources */,
			);
			runOnlyForDeploymentPostprocessing = 0;
		};
/* End PBXResourcesBuildPhase section */

/* Begin PBXSourcesBuildPhase section */
		B14680051C84292900B180B2 /* Sources */ = {
			isa = PBXSourcesBuildPhase;
			buildActionMask = 2147483647;
			files = (
				B14680141C84292900B180B2 /* ViewController.m in Sources */,
				B14680111C84292900B180B2 /* AppDelegate.m in Sources */,
				B146800E1C84292900B180B2 /* main.m in Sources */,
			);
			runOnlyForDeploymentPostprocessing = 0;
		};
/* End PBXSourcesBuildPhase section */

/* Begin PBXVariantGroup section */
		B14680151C84292900B180B2 /* Main.storyboard */ = {
			isa = PBXVariantGroup;
			children = (
				B14680161C84292900B180B2 /* Base */,
			);
			name = Main.storyboard;
			sourceTree = "<group>";
		};
		B146801A1C84292900B180B2 /* LaunchScreen.storyboard */ = {
			isa = PBXVariantGroup;
			children = (
				B146801B1C84292900B180B2 /* Base */,
			);
			name = LaunchScreen.storyboard;
			sourceTree = "<group>";
		};
/* End PBXVariantGroup section */

/* Begin XCBuildConfiguration section */
		B146801E1C84292900B180B2 /* Debug */ = {
			isa = XCBuildConfiguration;
			buildSettings = {
				ALWAYS_SEARCH_USER_PATHS = NO;
				CLANG_CXX_LANGUAGE_STANDARD = "gnu++0x";
				CLANG_CXX_LIBRARY = "libc++";
				CLANG_ENABLE_MODULES = YES;
				CLANG_ENABLE_OBJC_ARC = YES;
				CLANG_WARN_BOOL_CONVERSION = YES;
				CLANG_WARN_CONSTANT_CONVERSION = YES;
				CLANG_WARN_DIRECT_OBJC_ISA_USAGE = YES_ERROR;
				CLANG_WARN_EMPTY_BODY = YES;
				CLANG_WARN_ENUM_CONVERSION = YES;
				CLANG_WARN_INT_CONVERSION = YES;
				CLANG_WARN_OBJC_ROOT_CLASS = YES_ERROR;
				CLANG_WARN_UNREACHABLE_CODE = YES;
				CLANG_WARN__DUPLICATE_METHOD_MATCH = YES;
				"CODE_SIGN_IDENTITY[sdk=iphoneos*]" = "iPhone Developer";
				COPY_PHASE_STRIP = NO;
				DEBUG_INFORMATION_FORMAT = dwarf;
				ENABLE_STRICT_OBJC_MSGSEND = YES;
				ENABLE_TESTABILITY = YES;
				GCC_C_LANGUAGE_STANDARD = gnu99;
				GCC_DYNAMIC_NO_PIC = NO;
				GCC_NO_COMMON_BLOCKS = YES;
				GCC_OPTIMIZATION_LEVEL = 0;
				GCC_PREPROCESSOR_DEFINITIONS = (
					"DEBUG=1",
					"$(inherited)",
				);
				GCC_WARN_64_TO_32_BIT_CONVERSION = YES;
				GCC_WARN_ABOUT_RETURN_TYPE = YES_ERROR;
				GCC_WARN_UNDECLARED_SELECTOR = YES;
				GCC_WARN_UNINITIALIZED_AUTOS = YES_AGGRESSIVE;
				GCC_WARN_UNUSED_FUNCTION = YES;
				GCC_WARN_UNUSED_VARIABLE = YES;
				IPHONEOS_DEPLOYMENT_TARGET = 9.1;
				MTL_ENABLE_DEBUG_INFO = YES;
				ONLY_ACTIVE_ARCH = YES;
				SDKROOT = iphoneos;
			};
			name = Debug;
		};
		B146801F1C84292900B180B2 /* Release */ = {
			isa = XCBuildConfiguration;
			buildSettings = {
				ALWAYS_SEARCH_USER_PATHS = NO;
				CLANG_CXX_LANGUAGE_STANDARD = "gnu++0x";
				CLANG_CXX_LIBRARY = "libc++";
				CLANG_ENABLE_MODULES = YES;
				CLANG_ENABLE_OBJC_ARC = YES;
				CLANG_WARN_BOOL_CONVERSION = YES;
				CLANG_WARN_CONSTANT_CONVERSION = YES;
				CLANG_WARN_DIRECT_OBJC_ISA_USAGE = YES_ERROR;
				CLANG_WARN_EMPTY_BODY = YES;
				CLANG_WARN_ENUM_CONVERSION = YES;
				CLANG_WARN_INT_CONVERSION = YES;
				CLANG_WARN_OBJC_ROOT_CLASS = YES_ERROR;
				CLANG_WARN_UNREACHABLE_CODE = YES;
				CLANG_WARN__DUPLICATE_METHOD_MATCH = YES;
				"CODE_SIGN_IDENTITY[sdk=iphoneos*]" = "iPhone Developer";
				COPY_PHASE_STRIP = NO;
				DEBUG_INFORMATION_FORMAT = "dwarf-with-dsym";
				ENABLE_NS_ASSERTIONS = NO;
				ENABLE_STRICT_OBJC_MSGSEND = YES;
				GCC_C_LANGUAGE_STANDARD = gnu99;
				GCC_NO_COMMON_BLOCKS = YES;
				GCC_WARN_64_TO_32_BIT_CONVERSION = YES;
				GCC_WARN_ABOUT_RETURN_TYPE = YES_ERROR;
				GCC_WARN_UNDECLARED_SELECTOR = YES;
				GCC_WARN_UNINITIALIZED_AUTOS = YES_AGGRESSIVE;
				GCC_WARN_UNUSED_FUNCTION = YES;
				GCC_WARN_UNUSED_VARIABLE = YES;
				IPHONEOS_DEPLOYMENT_TARGET = 9.1;
				MTL_ENABLE_DEBUG_INFO = NO;
				SDKROOT = iphoneos;
				VALIDATE_PRODUCT = YES;
			};
			name = Release;
		};
		B14680211C84292900B180B2 /* Debug */ = {
			isa = XCBuildConfiguration;
			buildSettings = {
				ASSETCATALOG_COMPILER_APPICON_NAME = AppIcon;
				INFOPLIST_FILE = SnowAnimation/Info.plist;
				LD_RUNPATH_SEARCH_PATHS = "$(inherited) @executable_path/Frameworks";
				PRODUCT_BUNDLE_IDENTIFIER = Fancy.SnowAnimation;
				PRODUCT_NAME = "$(TARGET_NAME)";
			};
			name = Debug;
		};
		B14680221C84292900B180B2 /* Release */ = {
			isa = XCBuildConfiguration;
			buildSettings = {
				ASSETCATALOG_COMPILER_APPICON_NAME = AppIcon;
				INFOPLIST_FILE = SnowAnimation/Info.plist;
				LD_RUNPATH_SEARCH_PATHS = "$(inherited) @executable_path/Frameworks";
				PRODUCT_BUNDLE_IDENTIFIER = Fancy.SnowAnimation;
				PRODUCT_NAME = "$(TARGET_NAME)";
			};
			name = Release;
		};
/* End XCBuildConfiguration section */

/* Begin XCConfigurationList section */
		B14680041C84292900B180B2 /* Build configuration list for PBXProject "SnowAnimation" */ = {
			isa = XCConfigurationList;
			buildConfigurations = (
				B146801E1C84292900B180B2 /* Debug */,
				B146801F1C84292900B180B2 /* Release */,
			);
			defaultConfigurationIsVisible = 0;
			defaultConfigurationName = Release;
		};
		B14680201C84292900B180B2 /* Build configuration list for PBXNativeTarget "SnowAnimation" */ = {
			isa = XCConfigurationList;
			buildConfigurations = (
				B14680211C84292900B180B2 /* Debug */,
				B14680221C84292900B180B2 /* Release */,
			);
			defaultConfigurationIsVisible = 0;
		};
/* End XCConfigurationList section */
	};
	rootObject = B14680011C84292900B180B2 /* Project object */;
}
